github.com/chbmuc/lirc v0.0.0-20150702183631-f5796a80dd2b h1:i8K874dgs0m4A98xPutUOAsxYCQxXvEeaW986Wv5vQY=
github.com/chbmuc/lirc v0.0.0-20150702183631-f5796a80dd2b/go.mod h1:9zpQpkg+zE2TAzAEgMAwdr0bTwjdj4kcHo9yNCVK770=
github.com/skybet/go-skyremote v0.0.0-20181012131650-cf910c452167 h1:rVbfwdu9HEeadrteQ1Ewls4iZIPVJbfmZbJHWMuhTog=
github.com/skybet/go-skyremote v0.0.0-20181012131650-cf910c452167/go.mod h1:b7mjzjnpg++xFyPSA/KhDzb63558pd6kzgj/fsGLarY=
